
Microsoft Visual Studio Solution File, Format Version 12.00
# Visual Studio Version 16
VisualStudioVersion = 16.0.31105.61
MinimumVisualStudioVersion = 10.0.40219.1
Project("{FAE04EC0-301F-11D3-BF4B-00C04F79EFBC}") = "ConsoleServerPrototype", "ConsoleServerPrototype\ConsoleServerPrototype.csproj", "{3B314369-A30C-4A09-93A7-A0F2D50C2A50}"
EndProject
Global
	GlobalSection(SolutionConfigurationPlatforms) = preSolution
		Debug|Any CPU = Debug|Any CPU
		Release|Any CPU = Release|Any CPU
	EndGlobalSection
	GlobalSection(ProjectConfigurationPlatforms) = postSolution
		{3B314369-A30C-4A09-93A7-A0F2D50C2A50}.Debug|Any CPU.ActiveCfg = Debug|Any CPU
		{3B314369-A30C-4A09-93A7-A0F2D50C2A50}.Debug|Any CPU.Build.0 = Debug|Any CPU
		{3B314369-A30C-4A09-93A7-A0F2D50C2A50}.Release|Any CPU.ActiveCfg = Release|Any CPU
		{3B314369-A30C-4A09-93A7-A0F2D50C2A50}.Release|Any CPU.Build.0 = Release|Any CPU
	EndGlobalSection
	GlobalSection(SolutionProperties) = preSolution
		HideSolutionNode = FALSE
	EndGlobalSection
	GlobalSection(ExtensibilityGlobals) = postSolution
		SolutionGuid = {D3632CED-E948-40B5-ACB1-E7142E152B67}
	EndGlobalSection
EndGlobal
